{
  "name": "hwp",
  "version": "1.0.0",
  "lockfileVersion": 3,
  "requires": true,
  "packages": {
    "": {
      "name": "hwp",
      "version": "1.0.0",
      "license": "ISC",
      "dependencies": {
        "@rhwp/core": "^0.7.10"
      }
    },
    "node_modules/@rhwp/core": {
      "version": "0.7.10",
      "resolved": "https://registry.npmjs.org/@rhwp/core/-/core-0.7.10.tgz",
      "integrity": "sha512-euFNIO8uqyHrQT/wPx+Y7Px4hRf89YTcV1azGjc0jCX/SS3xXMNe58EjXfO3VWn62W3C/llnkiWYWUBcvVImWQ==",
      "license": "MIT"
    }
  }
}
